{
  "name": "maktaba-landing-page",
  "version": "1.0.0",
  "description": "Dynamic Data-maktaba Static Template - مكتبة لبيع الأدوات المدرسية مع نظام طلب عبر WhatsApp",
  "main": "script.js",
  "scripts": {
    "start": "serve .",
    "dev": "live-server --port=3000 --host=localhost --open=index.html",
    "serve": "http-server -p 8080 -c-1",
    "test": "echo \"No tests specified\" && exit 0",
    "validate": "node validate-data.js",
    "build": "echo \"Static site - no build required\" && exit 0"
  },
  "keywords": [
    "landing-page",
    "maktaba",
    "school-supplies",
    "whatsapp-integration",
    "static-site",
    "dynamic-data",
    "glassmorphism",
    "rtl"
  ],
  "author": "Taswe9 Agency",
  "license": "MIT",
  "dependencies": {},
  "devDependencies": {
    "live-server": "^1.2.2",
    "http-server": "^14.1.1",
    "serve": "^14.2.1"
  },
  "engines": {
    "node": ">=14.0.0"
  },
  "repository": {
    "type": "git",
    "url": "https://github.com/yourusername/maktaba-landing-page.git"
  },
  "bugs": {
    "url": "https://github.com/yourusername/maktaba-landing-page/issues"
  },
  "homepage": "https://github.com/yourusername/maktaba-landing-page#readme"
}
